
Microsoft Visual Studio Solution File, Format Version 12.00
# Visual Studio Version 17
VisualStudioVersion = 17.13.35507.96 d17.13
MinimumVisualStudioVersion = 10.0.40219.1
Project("{FAE04EC0-301F-11D3-BF4B-00C04F79EFBC}") = "Agendas", "Agendas\Agendas.csproj", "{B2402498-C3AB-48D5-B8C7-9D30CF5EF1E0}"
EndProject
Project("{FAE04EC0-301F-11D3-BF4B-00C04F79EFBC}") = "Scrum", "Scrum\Scrum.csproj", "{C4C6DBEF-2803-467A-8320-C752A9947C68}"
EndProject
Global
	GlobalSection(SolutionConfigurationPlatforms) = preSolution
		Debug|Any CPU = Debug|Any CPU
		Release|Any CPU = Release|Any CPU
	EndGlobalSection
	GlobalSection(ProjectConfigurationPlatforms) = postSolution
		{B2402498-C3AB-48D5-B8C7-9D30CF5EF1E0}.Debug|Any CPU.ActiveCfg = Debug|Any CPU
		{B2402498-C3AB-48D5-B8C7-9D30CF5EF1E0}.Debug|Any CPU.Build.0 = Debug|Any CPU
		{B2402498-C3AB-48D5-B8C7-9D30CF5EF1E0}.Release|Any CPU.ActiveCfg = Release|Any CPU
		{B2402498-C3AB-48D5-B8C7-9D30CF5EF1E0}.Release|Any CPU.Build.0 = Release|Any CPU
		{C4C6DBEF-2803-467A-8320-C752A9947C68}.Debug|Any CPU.ActiveCfg = Debug|Any CPU
		{C4C6DBEF-2803-467A-8320-C752A9947C68}.Debug|Any CPU.Build.0 = Debug|Any CPU
		{C4C6DBEF-2803-467A-8320-C752A9947C68}.Release|Any CPU.ActiveCfg = Release|Any CPU
		{C4C6DBEF-2803-467A-8320-C752A9947C68}.Release|Any CPU.Build.0 = Release|Any CPU
	EndGlobalSection
	GlobalSection(SolutionProperties) = preSolution
		HideSolutionNode = FALSE
	EndGlobalSection
	GlobalSection(ExtensibilityGlobals) = postSolution
		SolutionGuid = {066A592D-D574-42F3-83B3-A7655343B029}
	EndGlobalSection
EndGlobal
